<?xml version="1.0" encoding="utf-8"?>
<Project ToolsVersion="4.0" xmlns="http://schemas.microsoft.com/developer/msbuild/2003">
  <ItemGroup>
    <Filter Include="Pliki źródłowe">
      <UniqueIdentifier>{4FC737F1-C7A5-4376-A066-2A32D752A2FF}</UniqueIdentifier>
      <Extensions>cpp;c;cc;cxx;c++;cppm;ixx;def;odl;idl;hpj;bat;asm;asmx</Extensions>
    </Filter>
    <Filter Include="Pliki nagłówkowe">
      <UniqueIdentifier>{93995380-89BD-4b04-88EB-625FBE52EBFB}</UniqueIdentifier>
      <Extensions>h;hh;hpp;hxx;h++;hm;inl;inc;ipp;xsd</Extensions>
    </Filter>
    <Filter Include="Pliki zasobów">
      <UniqueIdentifier>{67DA6AB6-F800-4c08-8B7A-83BB121AAD01}</UniqueIdentifier>
      <Extensions>rc;ico;cur;bmp;dlg;rc2;rct;bin;rgs;gif;jpg;jpeg;jpe;resx;tiff;tif;png;wav;mfcribbon-ms;tetromino</Extensions>
    </Filter>
    <Filter Include="Pliki zasobów\presets">
      <UniqueIdentifier>{3996516d-853b-4f2e-a277-60ed36d98453}</UniqueIdentifier>
    </Filter>
    <Filter Include="Pliki zasobów\presets\tetrominoes">
      <UniqueIdentifier>{ea2bc007-1e7c-4dac-8a55-bd1a812457c6}</UniqueIdentifier>
    </Filter>
    <Filter Include="Pliki zasobów\presets\board">
      <UniqueIdentifier>{359cc0c7-5bd3-4d1d-993c-32b5b1737159}</UniqueIdentifier>
    </Filter>
    <Filter Include="Pliki zasobów\sounds">
      <UniqueIdentifier>{03921d90-be37-4e20-ab40-1cfb9ca7ae1e}</UniqueIdentifier>
    </Filter>
    <Filter Include="Pliki zasobów\PlayerData">
      <UniqueIdentifier>{1e269dd4-4cbc-420d-b808-ee2941b54c1b}</UniqueIdentifier>
    </Filter>
    <Filter Include="Pliki zasobów\Music">
      <UniqueIdentifier>{78cdc3e6-df9b-497e-9449-8929ed28b1f5}</UniqueIdentifier>
    </Filter>
    <Filter Include="Pliki zasobów\Textures">
      <UniqueIdentifier>{beced3e2-5ab4-4b61-9a8c-56d67d664e14}</UniqueIdentifier>
    </Filter>
  </ItemGroup>
  <ItemGroup>
    <ClCompile Include="main.cpp">
      <Filter>Pliki źródłowe</Filter>
    </ClCompile>
    <ClCompile Include="Game.cpp">
      <Filter>Pliki źródłowe</Filter>
    </ClCompile>
    <ClCompile Include="Board.cpp">
      <Filter>Pliki źródłowe</Filter>
    </ClCompile>
    <ClCompile Include="raylibCpp.cpp">
      <Filter>Pliki źródłowe</Filter>
    </ClCompile>
    <ClCompile Include="Tetrominoes.cpp">
      <Filter>Pliki źródłowe</Filter>
    </ClCompile>
    <ClCompile Include="ScoreManager.cpp">
      <Filter>Pliki źródłowe</Filter>
    </ClCompile>
    <ClCompile Include="InputManager.cpp">
      <Filter>Pliki źródłowe</Filter>
    </ClCompile>
    <ClCompile Include="SoundManager.cpp">
      <Filter>Pliki źródłowe</Filter>
    </ClCompile>
    <ClCompile Include="MainMenu.cpp">
      <Filter>Pliki źródłowe</Filter>
    </ClCompile>
    <ClCompile Include="OptionsMenu.cpp">
      <Filter>Pliki źródłowe</Filter>
    </ClCompile>
    <ClCompile Include="ModeSelectMenu.cpp">
      <Filter>Pliki źródłowe</Filter>
    </ClCompile>
  </ItemGroup>
  <ItemGroup>
    <ClInclude Include="Game.h">
      <Filter>Pliki nagłówkowe</Filter>
    </ClInclude>
    <ClInclude Include="Board.h">
      <Filter>Pliki nagłówkowe</Filter>
    </ClInclude>
    <ClInclude Include="Vec2.h">
      <Filter>Pliki nagłówkowe</Filter>
    </ClInclude>
    <ClInclude Include="raylibCpp.h">
      <Filter>Pliki nagłówkowe</Filter>
    </ClInclude>
    <ClInclude Include="Settings.h">
      <Filter>Pliki nagłówkowe</Filter>
    </ClInclude>
    <ClInclude Include="Tetrominoes.h">
      <Filter>Pliki nagłówkowe</Filter>
    </ClInclude>
    <ClInclude Include="ScoreManager.h">
      <Filter>Pliki nagłówkowe</Filter>
    </ClInclude>
    <ClInclude Include="InputManager.h">
      <Filter>Pliki nagłówkowe</Filter>
    </ClInclude>
    <ClInclude Include="SoundManager.h">
      <Filter>Pliki nagłówkowe</Filter>
    </ClInclude>
    <ClInclude Include="MainMenu.h">
      <Filter>Pliki nagłówkowe</Filter>
    </ClInclude>
    <ClInclude Include="OptionsMenu.h">
      <Filter>Pliki nagłówkowe</Filter>
    </ClInclude>
    <ClInclude Include="ModeSelectMenu.h">
      <Filter>Pliki nagłówkowe</Filter>
    </ClInclude>
  </ItemGroup>
  <ItemGroup>
    <None Include="El.tetromino">
      <Filter>Pliki zasobów\presets\tetrominoes</Filter>
    </None>
    <None Include="Jay.tetromino">
      <Filter>Pliki zasobów\presets\tetrominoes</Filter>
    </None>
    <None Include="SkewS.tetromino">
      <Filter>Pliki zasobów\presets\tetrominoes</Filter>
    </None>
    <None Include="SkewZ.tetromino">
      <Filter>Pliki zasobów\presets\tetrominoes</Filter>
    </None>
    <None Include="Square.tetromino">
      <Filter>Pliki zasobów\presets\tetrominoes</Filter>
    </None>
    <None Include="Straight.tetromino">
      <Filter>Pliki zasobów\presets\tetrominoes</Filter>
    </None>
    <None Include="Tee.tetromino">
      <Filter>Pliki zasobów\presets\tetrominoes</Filter>
    </None>
    <None Include=".Default.board">
      <Filter>Pliki zasobów\presets\board</Filter>
    </None>
    <None Include="squomino.board">
      <Filter>Pliki zasobów\presets\board</Filter>
    </None>
    <None Include="cock.board">
      <Filter>Pliki zasobów\presets\board</Filter>
    </None>
    <None Include="test.board">
      <Filter>Pliki zasobów\presets\board</Filter>
    </None>
    <None Include="Tspin.board">
      <Filter>Pliki zasobów\presets\board</Filter>
    </None>
    <None Include="Default.HS">
      <Filter>Pliki zasobów\PlayerData</Filter>
    </None>
    <None Include="test.HS">
      <Filter>Pliki zasobów\PlayerData</Filter>
    </None>
    <None Include="Sound.setting">
      <Filter>Pliki zasobów\PlayerData</Filter>
    </None>
    <None Include="Controls.setting">
      <Filter>Pliki zasobów\PlayerData</Filter>
    </None>
    <None Include="Style.setting">
      <Filter>Pliki zasobów\PlayerData</Filter>
    </None>
    <None Include="defaultcontrols.setting">
      <Filter>Pliki zasobów\PlayerData</Filter>
    </None>
  </ItemGroup>
  <ItemGroup>
    <Media Include="menuSound.wav">
      <Filter>Pliki zasobów\sounds</Filter>
    </Media>
    <Media Include="music_2.mp3">
      <Filter>Pliki zasobów\Music</Filter>
    </Media>
    <Media Include="music_1.mp3">
      <Filter>Pliki zasobów\Music</Filter>
    </Media>
    <Media Include="placeSound.wav">
      <Filter>Pliki zasobów\sounds</Filter>
    </Media>
  </ItemGroup>
  <ItemGroup>
    <Image Include="Cogwheel.png">
      <Filter>Pliki zasobów\Textures</Filter>
    </Image>
    <Image Include="quitTexture.png">
      <Filter>Pliki zasobów\Textures</Filter>
    </Image>
  </ItemGroup>
</Project>